
Microsoft Visual Studio Solution File, Format Version 12.00
# Visual Studio 15
VisualStudioVersion = 15.0.28307.136
MinimumVisualStudioVersion = 10.0.40219.1
Project("{9A19103F-16F7-4668-BE54-9A1E7A4F7556}") = "WebCore.API", "WebCore.API\WebCore.API.csproj", "{C3547FD1-5255-4F7B-84CD-7DEACE3A341C}"
EndProject
Global
	GlobalSection(SolutionConfigurationPlatforms) = preSolution
		Debug|Any CPU = Debug|Any CPU
		Release|Any CPU = Release|Any CPU
	EndGlobalSection
	GlobalSection(ProjectConfigurationPlatforms) = postSolution
		{C3547FD1-5255-4F7B-84CD-7DEACE3A341C}.Debug|Any CPU.ActiveCfg = Debug|Any CPU
		{C3547FD1-5255-4F7B-84CD-7DEACE3A341C}.Debug|Any CPU.Build.0 = Debug|Any CPU
		{C3547FD1-5255-4F7B-84CD-7DEACE3A341C}.Release|Any CPU.ActiveCfg = Release|Any CPU
		{C3547FD1-5255-4F7B-84CD-7DEACE3A341C}.Release|Any CPU.Build.0 = Release|Any CPU
	EndGlobalSection
	GlobalSection(SolutionProperties) = preSolution
		HideSolutionNode = FALSE
	EndGlobalSection
	GlobalSection(ExtensibilityGlobals) = postSolution
		SolutionGuid = {914E2935-0671-425B-9B69-3A584602D3F1}
	EndGlobalSection
EndGlobal
